// !$*UTF8*$!
{
	archiveVersion = 1;
	classes = {
	};
	objectVersion = 77;
	objects = {

/* Begin PBXBuildFile section */
		803BA9E22DEAC21D00BF5734 /* RealmSwift in Frameworks */ = {isa = PBXBuildFile; productRef = 803BA9E12DEAC21D00BF5734 /* RealmSwift */; };
		803BA9E32DEAC26100BF5734 /* RealmSwift in Embed Frameworks */ = {isa = PBXBuildFile; productRef = 803BA9E12DEAC21D00BF5734 /* RealmSwift */; settings = {ATTRIBUTES = (CodeSignOnCopy, ); }; };
		808BD36F2DEAC47D000E81DC /* RealmSwift in Frameworks */ = {isa = PBXBuildFile; productRef = 808BD36E2DEAC47D000E81DC /* RealmSwift */; };
		808BD3702DEAC47D000E81DC /* RealmSwift in Embed Frameworks */ = {isa = PBXBuildFile; productRef = 808BD36E2DEAC47D000E81DC /* RealmSwift */; settings = {ATTRIBUTES = (CodeSignOnCopy, ); }; };
		808BD3722DEAC5C2000E81DC /* MainTabBarController.swift in Sources */ = {isa = PBXBuildFile; fileRef = 808BD3712DEAC5C1000E81DC /* MainTabBarController.swift */; };
		808BD3742DEAC6B5000E81DC /* FavoritePokemonRepositoryProtocol.swift in Sources */ = {isa = PBXBuildFile; fileRef = 808BD3732DEAC6B3000E81DC /* FavoritePokemonRepositoryProtocol.swift */; };
		808BD3762DEAC736000E81DC /* FavoritePokemonRepositoryRealm.swift in Sources */ = {isa = PBXBuildFile; fileRef = 808BD3752DEAC734000E81DC /* FavoritePokemonRepositoryRealm.swift */; };
		808BD3792DEAC794000E81DC /* FavoritesViewModel.swift in Sources */ = {isa = PBXBuildFile; fileRef = 808BD3782DEAC78E000E81DC /* FavoritesViewModel.swift */; };
		808BD37B2DEAC7D9000E81DC /* FavoritesViewController.swift in Sources */ = {isa = PBXBuildFile; fileRef = 808BD37A2DEAC7D3000E81DC /* FavoritesViewController.swift */; };
		80B0FDD52DEA21AC006DC833 /* NamedAPIResourceDTO.swift in Sources */ = {isa = PBXBuildFile; fileRef = 80B0FDA32DEA21AC006DC833 /* NamedAPIResourceDTO.swift */; };
		80B0FDD82DEA21AC006DC833 /* PokemonDTO.swift in Sources */ = {isa = PBXBuildFile; fileRef = 80B0FDA62DEA21AC006DC833 /* PokemonDTO.swift */; };
		80B0FDD92DEA21AC006DC833 /* PokemonListResponseDTO.swift in Sources */ = {isa = PBXBuildFile; fileRef = 80B0FDA72DEA21AC006DC833 /* PokemonListResponseDTO.swift */; };
		80B0FDDA2DEA21AC006DC833 /* SpritesDTO.swift in Sources */ = {isa = PBXBuildFile; fileRef = 80B0FDA82DEA21AC006DC833 /* SpritesDTO.swift */; };
		80B0FDDB2DEA21AC006DC833 /* StatEntryDTO.swift in Sources */ = {isa = PBXBuildFile; fileRef = 80B0FDA92DEA21AC006DC833 /* StatEntryDTO.swift */; };
		80B0FDDC2DEA21AC006DC833 /* TypeEntryDTO.swift in Sources */ = {isa = PBXBuildFile; fileRef = 80B0FDAA2DEA21AC006DC833 /* TypeEntryDTO.swift */; };
		80B0FDDD2DEA21AC006DC833 /* NetworkError.swift in Sources */ = {isa = PBXBuildFile; fileRef = 80B0FDAC2DEA21AC006DC833 /* NetworkError.swift */; };
		80B0FDDE2DEA21AC006DC833 /* NetworkingService.swift in Sources */ = {isa = PBXBuildFile; fileRef = 80B0FDAD2DEA21AC006DC833 /* NetworkingService.swift */; };
		80B0FDDF2DEA21AC006DC833 /* NetworkingServiceProtocol.swift in Sources */ = {isa = PBXBuildFile; fileRef = 80B0FDAE2DEA21AC006DC833 /* NetworkingServiceProtocol.swift */; };
		80B0FDE02DEA21AC006DC833 /* PokemonAPIService.swift in Sources */ = {isa = PBXBuildFile; fileRef = 80B0FDAF2DEA21AC006DC833 /* PokemonAPIService.swift */; };
		80B0FDE12DEA21AC006DC833 /* PokemonAPIServiceProtocol.swift in Sources */ = {isa = PBXBuildFile; fileRef = 80B0FDB02DEA21AC006DC833 /* PokemonAPIServiceProtocol.swift */; };
		80B0FDE32DEA21AC006DC833 /* PokemonRepository.swift in Sources */ = {isa = PBXBuildFile; fileRef = 80B0FDB42DEA21AC006DC833 /* PokemonRepository.swift */; };
		80B0FDE42DEA21AC006DC833 /* PokemonRepositoryProtocol.swift in Sources */ = {isa = PBXBuildFile; fileRef = 80B0FDB52DEA21AC006DC833 /* PokemonRepositoryProtocol.swift */; };
		80B0FDE52DEA21AC006DC833 /* FetchAllpokemonUseCase.swift in Sources */ = {isa = PBXBuildFile; fileRef = 80B0FDB72DEA21AC006DC833 /* FetchAllpokemonUseCase.swift */; };
		80B0FDE62DEA21AC006DC833 /* FetchAllPokemonUseCaseProtocol.swift in Sources */ = {isa = PBXBuildFile; fileRef = 80B0FDB82DEA21AC006DC833 /* FetchAllPokemonUseCaseProtocol.swift */; };
		80B0FDE72DEA21AC006DC833 /* Pokemon.swift in Sources */ = {isa = PBXBuildFile; fileRef = 80B0FDBB2DEA21AC006DC833 /* Pokemon.swift */; };
		80B0FDE82DEA21AC006DC833 /* PokemonDetail.swift in Sources */ = {isa = PBXBuildFile; fileRef = 80B0FDBC2DEA21AC006DC833 /* PokemonDetail.swift */; };
		80B0FDE92DEA21AC006DC833 /* PokemonStat.swift in Sources */ = {isa = PBXBuildFile; fileRef = 80B0FDBD2DEA21AC006DC833 /* PokemonStat.swift */; };
		80B0FDEA2DEA21AC006DC833 /* Sprites.swift in Sources */ = {isa = PBXBuildFile; fileRef = 80B0FDBE2DEA21AC006DC833 /* Sprites.swift */; };
		80B0FDEB2DEA21AC006DC833 /* PokemonCellListView.swift in Sources */ = {isa = PBXBuildFile; fileRef = 80B0FDC02DEA21AC006DC833 /* PokemonCellListView.swift */; };
		80B0FDEC2DEA21AC006DC833 /* PokemonDetailViewController.swift in Sources */ = {isa = PBXBuildFile; fileRef = 80B0FDC22DEA21AC006DC833 /* PokemonDetailViewController.swift */; };
		80B0FDED2DEA21AC006DC833 /* PokemonDetailViewModel.swift in Sources */ = {isa = PBXBuildFile; fileRef = 80B0FDC32DEA21AC006DC833 /* PokemonDetailViewModel.swift */; };
		80B0FDEE2DEA21AC006DC833 /* PokemonListViewController.swift in Sources */ = {isa = PBXBuildFile; fileRef = 80B0FDC52DEA21AC006DC833 /* PokemonListViewController.swift */; };
		80B0FDEF2DEA21AC006DC833 /* PokemonListViewModel.swift in Sources */ = {isa = PBXBuildFile; fileRef = 80B0FDC72DEA21AC006DC833 /* PokemonListViewModel.swift */; };
		80B0FDF02DEA21AC006DC833 /* PokemonListViewModelProtocol.swift in Sources */ = {isa = PBXBuildFile; fileRef = 80B0FDC82DEA21AC006DC833 /* PokemonListViewModelProtocol.swift */; };
		80B0FDF12DEA21AC006DC833 /* AppDelegate.swift in Sources */ = {isa = PBXBuildFile; fileRef = 80B0FDCC2DEA21AC006DC833 /* AppDelegate.swift */; };
		80B0FDF22DEA21AC006DC833 /* SceneDelegate.swift in Sources */ = {isa = PBXBuildFile; fileRef = 80B0FDD32DEA21AC006DC833 /* SceneDelegate.swift */; };
		80B0FDF32DEA21AC006DC833 /* Assets.xcassets in Resources */ = {isa = PBXBuildFile; fileRef = 80B0FDCD2DEA21AC006DC833 /* Assets.xcassets */; };
		80B0FDF52DEA21AC006DC833 /* LaunchScreen.storyboard in Resources */ = {isa = PBXBuildFile; fileRef = 80B0FDD02DEA21AC006DC833 /* LaunchScreen.storyboard */; };
		80B0FDF62DEA21AC006DC833 /* Main.storyboard in Resources */ = {isa = PBXBuildFile; fileRef = 80B0FDD22DEA21AC006DC833 /* Main.storyboard */; };
		80B0FE022DEA3404006DC833 /* UIImageView+Load.swift in Sources */ = {isa = PBXBuildFile; fileRef = 80B0FE012DEA3402006DC833 /* UIImageView+Load.swift */; };
		80B0FE072DEA3510006DC833 /* PokemonDetail+Mapper.swift in Sources */ = {isa = PBXBuildFile; fileRef = 80B0FE062DEA350E006DC833 /* PokemonDetail+Mapper.swift */; };
		80B0FE092DEA4195006DC833 /* PokemonFavorite.swift in Sources */ = {isa = PBXBuildFile; fileRef = 80B0FE082DEA4191006DC833 /* PokemonFavorite.swift */; };
		80B0FE112DEA4235006DC833 /* PokemonCellListViewModel.swift in Sources */ = {isa = PBXBuildFile; fileRef = 80B0FE102DEA4222006DC833 /* PokemonCellListViewModel.swift */; };
		80B0FE162DEA7143006DC833 /* Combine.swift in Sources */ = {isa = PBXBuildFile; fileRef = 80B0FE152DEA7141006DC833 /* Combine.swift */; };
/* End PBXBuildFile section */

/* Begin PBXContainerItemProxy section */
		8034DCAF2DE6A6BD00DA32A8 /* PBXContainerItemProxy */ = {
			isa = PBXContainerItemProxy;
			containerPortal = 8034DC902DE6A6BA00DA32A8 /* Project object */;
			proxyType = 1;
			remoteGlobalIDString = 8034DC972DE6A6BA00DA32A8;
			remoteInfo = PokeAppUIKit;
		};
		8034DCB92DE6A6BD00DA32A8 /* PBXContainerItemProxy */ = {
			isa = PBXContainerItemProxy;
			containerPortal = 8034DC902DE6A6BA00DA32A8 /* Project object */;
			proxyType = 1;
			remoteGlobalIDString = 8034DC972DE6A6BA00DA32A8;
			remoteInfo = PokeAppUIKit;
		};
/* End PBXContainerItemProxy section */

/* Begin PBXCopyFilesBuildPhase section */
		80228B492DEAB8B0001FAE86 /* Embed Frameworks */ = {
			isa = PBXCopyFilesBuildPhase;
			buildActionMask = 2147483647;
			dstPath = "";
			dstSubfolderSpec = 10;
			files = (
				803BA9E32DEAC26100BF5734 /* RealmSwift in Embed Frameworks */,
			);
			name = "Embed Frameworks";
			runOnlyForDeploymentPostprocessing = 0;
		};
		80C138F92DEAA6D50045E8B6 /* Embed Frameworks */ = {
			isa = PBXCopyFilesBuildPhase;
			buildActionMask = 2147483647;
			dstPath = "";
			dstSubfolderSpec = 10;
			files = (
				808BD3702DEAC47D000E81DC /* RealmSwift in Embed Frameworks */,
			);
			name = "Embed Frameworks";
			runOnlyForDeploymentPostprocessing = 0;
		};
/* End PBXCopyFilesBuildPhase section */

/* Begin PBXFileReference section */
		8034DC982DE6A6BA00DA32A8 /* PokeAppUIKit.app */ = {isa = PBXFileReference; explicitFileType = wrapper.application; includeInIndex = 0; path = PokeAppUIKit.app; sourceTree = BUILT_PRODUCTS_DIR; };
		8034DCAE2DE6A6BD00DA32A8 /* PokeAppUIKitTests.xctest */ = {isa = PBXFileReference; explicitFileType = wrapper.cfbundle; includeInIndex = 0; path = PokeAppUIKitTests.xctest; sourceTree = BUILT_PRODUCTS_DIR; };
		8034DCB82DE6A6BD00DA32A8 /* PokeAppUIKitUITests.xctest */ = {isa = PBXFileReference; explicitFileType = wrapper.cfbundle; includeInIndex = 0; path = PokeAppUIKitUITests.xctest; sourceTree = BUILT_PRODUCTS_DIR; };
		808BD3712DEAC5C1000E81DC /* MainTabBarController.swift */ = {isa = PBXFileReference; lastKnownFileType = sourcecode.swift; path = MainTabBarController.swift; sourceTree = "<group>"; };
		808BD3732DEAC6B3000E81DC /* FavoritePokemonRepositoryProtocol.swift */ = {isa = PBXFileReference; lastKnownFileType = sourcecode.swift; path = FavoritePokemonRepositoryProtocol.swift; sourceTree = "<group>"; };
		808BD3752DEAC734000E81DC /* FavoritePokemonRepositoryRealm.swift */ = {isa = PBXFileReference; lastKnownFileType = sourcecode.swift; path = FavoritePokemonRepositoryRealm.swift; sourceTree = "<group>"; };
		808BD3782DEAC78E000E81DC /* FavoritesViewModel.swift */ = {isa = PBXFileReference; lastKnownFileType = sourcecode.swift; path = FavoritesViewModel.swift; sourceTree = "<group>"; };
		808BD37A2DEAC7D3000E81DC /* FavoritesViewController.swift */ = {isa = PBXFileReference; lastKnownFileType = sourcecode.swift; path = FavoritesViewController.swift; sourceTree = "<group>"; };
		80B0FDA32DEA21AC006DC833 /* NamedAPIResourceDTO.swift */ = {isa = PBXFileReference; lastKnownFileType = sourcecode.swift; path = NamedAPIResourceDTO.swift; sourceTree = "<group>"; };
		80B0FDA62DEA21AC006DC833 /* PokemonDTO.swift */ = {isa = PBXFileReference; lastKnownFileType = sourcecode.swift; path = PokemonDTO.swift; sourceTree = "<group>"; };
		80B0FDA72DEA21AC006DC833 /* PokemonListResponseDTO.swift */ = {isa = PBXFileReference; lastKnownFileType = sourcecode.swift; path = PokemonListResponseDTO.swift; sourceTree = "<group>"; };
		80B0FDA82DEA21AC006DC833 /* SpritesDTO.swift */ = {isa = PBXFileReference; lastKnownFileType = sourcecode.swift; path = SpritesDTO.swift; sourceTree = "<group>"; };
		80B0FDA92DEA21AC006DC833 /* StatEntryDTO.swift */ = {isa = PBXFileReference; lastKnownFileType = sourcecode.swift; path = StatEntryDTO.swift; sourceTree = "<group>"; };
		80B0FDAA2DEA21AC006DC833 /* TypeEntryDTO.swift */ = {isa = PBXFileReference; lastKnownFileType = sourcecode.swift; path = TypeEntryDTO.swift; sourceTree = "<group>"; };
		80B0FDAC2DEA21AC006DC833 /* NetworkError.swift */ = {isa = PBXFileReference; lastKnownFileType = sourcecode.swift; path = NetworkError.swift; sourceTree = "<group>"; };
		80B0FDAD2DEA21AC006DC833 /* NetworkingService.swift */ = {isa = PBXFileReference; lastKnownFileType = sourcecode.swift; path = NetworkingService.swift; sourceTree = "<group>"; };
		80B0FDAE2DEA21AC006DC833 /* NetworkingServiceProtocol.swift */ = {isa = PBXFileReference; lastKnownFileType = sourcecode.swift; path = NetworkingServiceProtocol.swift; sourceTree = "<group>"; };
		80B0FDAF2DEA21AC006DC833 /* PokemonAPIService.swift */ = {isa = PBXFileReference; lastKnownFileType = sourcecode.swift; path = PokemonAPIService.swift; sourceTree = "<group>"; };
		80B0FDB02DEA21AC006DC833 /* PokemonAPIServiceProtocol.swift */ = {isa = PBXFileReference; lastKnownFileType = sourcecode.swift; path = PokemonAPIServiceProtocol.swift; sourceTree = "<group>"; };
		80B0FDB42DEA21AC006DC833 /* PokemonRepository.swift */ = {isa = PBXFileReference; lastKnownFileType = sourcecode.swift; path = PokemonRepository.swift; sourceTree = "<group>"; };
		80B0FDB52DEA21AC006DC833 /* PokemonRepositoryProtocol.swift */ = {isa = PBXFileReference; lastKnownFileType = sourcecode.swift; path = PokemonRepositoryProtocol.swift; sourceTree = "<group>"; };
		80B0FDB72DEA21AC006DC833 /* FetchAllpokemonUseCase.swift */ = {isa = PBXFileReference; lastKnownFileType = sourcecode.swift; path = FetchAllpokemonUseCase.swift; sourceTree = "<group>"; };
		80B0FDB82DEA21AC006DC833 /* FetchAllPokemonUseCaseProtocol.swift */ = {isa = PBXFileReference; lastKnownFileType = sourcecode.swift; path = FetchAllPokemonUseCaseProtocol.swift; sourceTree = "<group>"; };
		80B0FDBB2DEA21AC006DC833 /* Pokemon.swift */ = {isa = PBXFileReference; lastKnownFileType = sourcecode.swift; path = Pokemon.swift; sourceTree = "<group>"; };
		80B0FDBC2DEA21AC006DC833 /* PokemonDetail.swift */ = {isa = PBXFileReference; lastKnownFileType = sourcecode.swift; path = PokemonDetail.swift; sourceTree = "<group>"; };
		80B0FDBD2DEA21AC006DC833 /* PokemonStat.swift */ = {isa = PBXFileReference; lastKnownFileType = sourcecode.swift; path = PokemonStat.swift; sourceTree = "<group>"; };
		80B0FDBE2DEA21AC006DC833 /* Sprites.swift */ = {isa = PBXFileReference; lastKnownFileType = sourcecode.swift; path = Sprites.swift; sourceTree = "<group>"; };
		80B0FDC02DEA21AC006DC833 /* PokemonCellListView.swift */ = {isa = PBXFileReference; lastKnownFileType = sourcecode.swift; path = PokemonCellListView.swift; sourceTree = "<group>"; };
		80B0FDC22DEA21AC006DC833 /* PokemonDetailViewController.swift */ = {isa = PBXFileReference; lastKnownFileType = sourcecode.swift; path = PokemonDetailViewController.swift; sourceTree = "<group>"; };
		80B0FDC32DEA21AC006DC833 /* PokemonDetailViewModel.swift */ = {isa = PBXFileReference; lastKnownFileType = sourcecode.swift; path = PokemonDetailViewModel.swift; sourceTree = "<group>"; };
		80B0FDC52DEA21AC006DC833 /* PokemonListViewController.swift */ = {isa = PBXFileReference; lastKnownFileType = sourcecode.swift; path = PokemonListViewController.swift; sourceTree = "<group>"; };
		80B0FDC72DEA21AC006DC833 /* PokemonListViewModel.swift */ = {isa = PBXFileReference; lastKnownFileType = sourcecode.swift; path = PokemonListViewModel.swift; sourceTree = "<group>"; };
		80B0FDC82DEA21AC006DC833 /* PokemonListViewModelProtocol.swift */ = {isa = PBXFileReference; lastKnownFileType = sourcecode.swift; path = PokemonListViewModelProtocol.swift; sourceTree = "<group>"; };
		80B0FDCC2DEA21AC006DC833 /* AppDelegate.swift */ = {isa = PBXFileReference; lastKnownFileType = sourcecode.swift; path = AppDelegate.swift; sourceTree = "<group>"; };
		80B0FDCD2DEA21AC006DC833 /* Assets.xcassets */ = {isa = PBXFileReference; lastKnownFileType = folder.assetcatalog; path = Assets.xcassets; sourceTree = "<group>"; };
		80B0FDCE2DEA21AC006DC833 /* Info.plist */ = {isa = PBXFileReference; lastKnownFileType = text.plist.xml; path = Info.plist; sourceTree = "<group>"; };
		80B0FDCF2DEA21AC006DC833 /* Base */ = {isa = PBXFileReference; lastKnownFileType = file.storyboard; name = Base; path = Base.lproj/LaunchScreen.storyboard; sourceTree = "<group>"; };
		80B0FDD12DEA21AC006DC833 /* Base */ = {isa = PBXFileReference; lastKnownFileType = file.storyboard; name = Base; path = Base.lproj/Main.storyboard; sourceTree = "<group>"; };
		80B0FDD32DEA21AC006DC833 /* SceneDelegate.swift */ = {isa = PBXFileReference; lastKnownFileType = sourcecode.swift; path = SceneDelegate.swift; sourceTree = "<group>"; };
		80B0FE012DEA3402006DC833 /* UIImageView+Load.swift */ = {isa = PBXFileReference; lastKnownFileType = sourcecode.swift; path = "UIImageView+Load.swift"; sourceTree = "<group>"; };
		80B0FE062DEA350E006DC833 /* PokemonDetail+Mapper.swift */ = {isa = PBXFileReference; lastKnownFileType = sourcecode.swift; path = "PokemonDetail+Mapper.swift"; sourceTree = "<group>"; };
		80B0FE082DEA4191006DC833 /* PokemonFavorite.swift */ = {isa = PBXFileReference; lastKnownFileType = sourcecode.swift; path = PokemonFavorite.swift; sourceTree = "<group>"; };
		80B0FE102DEA4222006DC833 /* PokemonCellListViewModel.swift */ = {isa = PBXFileReference; lastKnownFileType = sourcecode.swift; path = PokemonCellListViewModel.swift; sourceTree = "<group>"; };
		80B0FE152DEA7141006DC833 /* Combine.swift */ = {isa = PBXFileReference; lastKnownFileType = sourcecode.swift; path = Combine.swift; sourceTree = "<group>"; };
/* End PBXFileReference section */

/* Begin PBXFileSystemSynchronizedRootGroup section */
		8034DCB12DE6A6BD00DA32A8 /* PokeAppUIKitTests */ = {
			isa = PBXFileSystemSynchronizedRootGroup;
			path = PokeAppUIKitTests;
			sourceTree = "<group>";
		};
		8034DCBB2DE6A6BD00DA32A8 /* PokeAppUIKitUITests */ = {
			isa = PBXFileSystemSynchronizedRootGroup;
			path = PokeAppUIKitUITests;
			sourceTree = "<group>";
		};
/* End PBXFileSystemSynchronizedRootGroup section */

/* Begin PBXFrameworksBuildPhase section */
		8034DC952DE6A6BA00DA32A8 /* Frameworks */ = {
			isa = PBXFrameworksBuildPhase;
			buildActionMask = 2147483647;
			files = (
				803BA9E22DEAC21D00BF5734 /* RealmSwift in Frameworks */,
			);
			runOnlyForDeploymentPostprocessing = 0;
		};
		8034DCAB2DE6A6BD00DA32A8 /* Frameworks */ = {
			isa = PBXFrameworksBuildPhase;
			buildActionMask = 2147483647;
			files = (
				808BD36F2DEAC47D000E81DC /* RealmSwift in Frameworks */,
			);
			runOnlyForDeploymentPostprocessing = 0;
		};
		8034DCB52DE6A6BD00DA32A8 /* Frameworks */ = {
			isa = PBXFrameworksBuildPhase;
			buildActionMask = 2147483647;
			files = (
			);
			runOnlyForDeploymentPostprocessing = 0;
		};
/* End PBXFrameworksBuildPhase section */

/* Begin PBXGroup section */
		8034DC8F2DE6A6BA00DA32A8 = {
			isa = PBXGroup;
			children = (
				80B0FDD42DEA21AC006DC833 /* PokeAppUIKit */,
				8034DCB12DE6A6BD00DA32A8 /* PokeAppUIKitTests */,
				8034DCBB2DE6A6BD00DA32A8 /* PokeAppUIKitUITests */,
				80C138F32DEAA6B40045E8B6 /* Frameworks */,
				8034DC992DE6A6BA00DA32A8 /* Products */,
			);
			sourceTree = "<group>";
		};
		8034DC992DE6A6BA00DA32A8 /* Products */ = {
			isa = PBXGroup;
			children = (
				8034DC982DE6A6BA00DA32A8 /* PokeAppUIKit.app */,
				8034DCAE2DE6A6BD00DA32A8 /* PokeAppUIKitTests.xctest */,
				8034DCB82DE6A6BD00DA32A8 /* PokeAppUIKitUITests.xctest */,
			);
			name = Products;
			sourceTree = "<group>";
		};
		808BD3772DEAC771000E81DC /* PokemonFavorites */ = {
			isa = PBXGroup;
			children = (
				808BD3782DEAC78E000E81DC /* FavoritesViewModel.swift */,
				808BD37A2DEAC7D3000E81DC /* FavoritesViewController.swift */,
			);
			path = PokemonFavorites;
			sourceTree = "<group>";
		};
		80B0FDA22DEA21AC006DC833 /* API */ = {
			isa = PBXGroup;
			children = (
				80B0FDAF2DEA21AC006DC833 /* PokemonAPIService.swift */,
			);
			path = API;
			sourceTree = "<group>";
		};
		80B0FDAB2DEA21AC006DC833 /* DTOs */ = {
			isa = PBXGroup;
			children = (
				80B0FDA32DEA21AC006DC833 /* NamedAPIResourceDTO.swift */,
				80B0FDA62DEA21AC006DC833 /* PokemonDTO.swift */,
				80B0FDA72DEA21AC006DC833 /* PokemonListResponseDTO.swift */,
				80B0FDA82DEA21AC006DC833 /* SpritesDTO.swift */,
				80B0FDA92DEA21AC006DC833 /* StatEntryDTO.swift */,
				80B0FDAA2DEA21AC006DC833 /* TypeEntryDTO.swift */,
			);
			path = DTOs;
			sourceTree = "<group>";
		};
		80B0FDB12DEA21AC006DC833 /* Networking */ = {
			isa = PBXGroup;
			children = (
				80B0FDFC2DEA2495006DC833 /* Services */,
				80B0FDFD2DEA249C006DC833 /* Protocolos */,
			);
			path = Networking;
			sourceTree = "<group>";
		};
		80B0FDB22DEA21AC006DC833 /* Data */ = {
			isa = PBXGroup;
			children = (
				80B0FDFE2DEA2E26006DC833 /* Repositories */,
				80B0FDA22DEA21AC006DC833 /* API */,
				80B0FDAB2DEA21AC006DC833 /* DTOs */,
				80B0FE052DEA34D5006DC833 /* Mappers */,
				80B0FDB12DEA21AC006DC833 /* Networking */,
			);
			path = Data;
			sourceTree = "<group>";
		};
		80B0FDB62DEA21AC006DC833 /* Repositories */ = {
			isa = PBXGroup;
			children = (
				80B0FDB42DEA21AC006DC833 /* PokemonRepository.swift */,
				80B0FDB52DEA21AC006DC833 /* PokemonRepositoryProtocol.swift */,
				808BD3732DEAC6B3000E81DC /* FavoritePokemonRepositoryProtocol.swift */,
			);
			path = Repositories;
			sourceTree = "<group>";
		};
		80B0FDB92DEA21AC006DC833 /* UsesCases */ = {
			isa = PBXGroup;
			children = (
				80B0FDB72DEA21AC006DC833 /* FetchAllpokemonUseCase.swift */,
				80B0FDB82DEA21AC006DC833 /* FetchAllPokemonUseCaseProtocol.swift */,
			);
			path = UsesCases;
			sourceTree = "<group>";
		};
		80B0FDBA2DEA21AC006DC833 /* Domain */ = {
			isa = PBXGroup;
			children = (
				80B0FDBF2DEA21AC006DC833 /* Models */,
				80B0FDB62DEA21AC006DC833 /* Repositories */,
				80B0FDB92DEA21AC006DC833 /* UsesCases */,
			);
			path = Domain;
			sourceTree = "<group>";
		};
		80B0FDBF2DEA21AC006DC833 /* Models */ = {
			isa = PBXGroup;
			children = (
				80B0FDBB2DEA21AC006DC833 /* Pokemon.swift */,
				80B0FE082DEA4191006DC833 /* PokemonFavorite.swift */,
				80B0FDBC2DEA21AC006DC833 /* PokemonDetail.swift */,
				80B0FDBD2DEA21AC006DC833 /* PokemonStat.swift */,
				80B0FDBE2DEA21AC006DC833 /* Sprites.swift */,
			);
			path = Models;
			sourceTree = "<group>";
		};
		80B0FDC12DEA21AC006DC833 /* PokemonCellList */ = {
			isa = PBXGroup;
			children = (
				80B0FDFB2DEA2387006DC833 /* View */,
			);
			path = PokemonCellList;
			sourceTree = "<group>";
		};
		80B0FDC42DEA21AC006DC833 /* PokemonDetailView */ = {
			isa = PBXGroup;
			children = (
				80B0FDF72DEA22AB006DC833 /* View */,
				80B0FDFA2DEA22D4006DC833 /* ViewModel */,
			);
			path = PokemonDetailView;
			sourceTree = "<group>";
		};
		80B0FDC62DEA21AC006DC833 /* View */ = {
			isa = PBXGroup;
			children = (
				80B0FDC52DEA21AC006DC833 /* PokemonListViewController.swift */,
			);
			path = View;
			sourceTree = "<group>";
		};
		80B0FDC92DEA21AC006DC833 /* ViewModel */ = {
			isa = PBXGroup;
			children = (
				80B0FDC72DEA21AC006DC833 /* PokemonListViewModel.swift */,
				80B0FDC82DEA21AC006DC833 /* PokemonListViewModelProtocol.swift */,
			);
			path = ViewModel;
			sourceTree = "<group>";
		};
		80B0FDCA2DEA21AC006DC833 /* PokemonList */ = {
			isa = PBXGroup;
			children = (
				80B0FDC62DEA21AC006DC833 /* View */,
				80B0FDC92DEA21AC006DC833 /* ViewModel */,
			);
			path = PokemonList;
			sourceTree = "<group>";
		};
		80B0FDCB2DEA21AC006DC833 /* Presentation */ = {
			isa = PBXGroup;
			children = (
				808BD3772DEAC771000E81DC /* PokemonFavorites */,
				80B0FDCA2DEA21AC006DC833 /* PokemonList */,
				80B0FDC12DEA21AC006DC833 /* PokemonCellList */,
				80B0FDC42DEA21AC006DC833 /* PokemonDetailView */,
			);
			path = Presentation;
			sourceTree = "<group>";
		};
		80B0FDD42DEA21AC006DC833 /* PokeAppUIKit */ = {
			isa = PBXGroup;
			children = (
				80B0FDCB2DEA21AC006DC833 /* Presentation */,
				80B0FDBA2DEA21AC006DC833 /* Domain */,
				80B0FDB22DEA21AC006DC833 /* Data */,
				80B0FDCC2DEA21AC006DC833 /* AppDelegate.swift */,
				80B0FDFF2DEA33E4006DC833 /* Infraestructure */,
				80B0FDCD2DEA21AC006DC833 /* Assets.xcassets */,
				80B0FDCE2DEA21AC006DC833 /* Info.plist */,
				80B0FDD02DEA21AC006DC833 /* LaunchScreen.storyboard */,
				80B0FDD22DEA21AC006DC833 /* Main.storyboard */,
				80B0FDD32DEA21AC006DC833 /* SceneDelegate.swift */,
			);
			path = PokeAppUIKit;
			sourceTree = "<group>";
		};
		80B0FDF72DEA22AB006DC833 /* View */ = {
			isa = PBXGroup;
			children = (
				80B0FDC22DEA21AC006DC833 /* PokemonDetailViewController.swift */,
			);
			path = View;
			sourceTree = "<group>";
		};
		80B0FDFA2DEA22D4006DC833 /* ViewModel */ = {
			isa = PBXGroup;
			children = (
				80B0FDC32DEA21AC006DC833 /* PokemonDetailViewModel.swift */,
			);
			path = ViewModel;
			sourceTree = "<group>";
		};
		80B0FDFB2DEA2387006DC833 /* View */ = {
			isa = PBXGroup;
			children = (
				80B0FDC02DEA21AC006DC833 /* PokemonCellListView.swift */,
				80B0FE0F2DEA421B006DC833 /* ViewModel */,
			);
			path = View;
			sourceTree = "<group>";
		};
		80B0FDFC2DEA2495006DC833 /* Services */ = {
			isa = PBXGroup;
			children = (
				80B0FDAC2DEA21AC006DC833 /* NetworkError.swift */,
				80B0FDAD2DEA21AC006DC833 /* NetworkingService.swift */,
			);
			path = Services;
			sourceTree = "<group>";
		};
		80B0FDFD2DEA249C006DC833 /* Protocolos */ = {
			isa = PBXGroup;
			children = (
				80B0FDAE2DEA21AC006DC833 /* NetworkingServiceProtocol.swift */,
				80B0FDB02DEA21AC006DC833 /* PokemonAPIServiceProtocol.swift */,
			);
			path = Protocolos;
			sourceTree = "<group>";
		};
		80B0FDFE2DEA2E26006DC833 /* Repositories */ = {
			isa = PBXGroup;
			children = (
				808BD3752DEAC734000E81DC /* FavoritePokemonRepositoryRealm.swift */,
			);
			path = Repositories;
			sourceTree = "<group>";
		};
		80B0FDFF2DEA33E4006DC833 /* Infraestructure */ = {
			isa = PBXGroup;
			children = (
				80B0FE042DEA3436006DC833 /* UI */,
				80B0FE002DEA33EC006DC833 /* Core */,
			);
			path = Infraestructure;
			sourceTree = "<group>";
		};
		80B0FE002DEA33EC006DC833 /* Core */ = {
			isa = PBXGroup;
			children = (
				80B0FE032DEA3430006DC833 /* Extensions */,
			);
			path = Core;
			sourceTree = "<group>";
		};
		80B0FE032DEA3430006DC833 /* Extensions */ = {
			isa = PBXGroup;
			children = (
			);
			path = Extensions;
			sourceTree = "<group>";
		};
		80B0FE042DEA3436006DC833 /* UI */ = {
			isa = PBXGroup;
			children = (
				80B0FE012DEA3402006DC833 /* UIImageView+Load.swift */,
				808BD3712DEAC5C1000E81DC /* MainTabBarController.swift */,
			);
			path = UI;
			sourceTree = "<group>";
		};
		80B0FE052DEA34D5006DC833 /* Mappers */ = {
			isa = PBXGroup;
			children = (
				80B0FE062DEA350E006DC833 /* PokemonDetail+Mapper.swift */,
				80B0FE152DEA7141006DC833 /* Combine.swift */,
			);
			path = Mappers;
			sourceTree = "<group>";
		};
		80B0FE0F2DEA421B006DC833 /* ViewModel */ = {
			isa = PBXGroup;
			children = (
				80B0FE102DEA4222006DC833 /* PokemonCellListViewModel.swift */,
			);
			path = ViewModel;
			sourceTree = "<group>";
		};
		80C138F32DEAA6B40045E8B6 /* Frameworks */ = {
			isa = PBXGroup;
			children = (
			);
			name = Frameworks;
			sourceTree = "<group>";
		};
/* End PBXGroup section */

/* Begin PBXNativeTarget section */
		8034DC972DE6A6BA00DA32A8 /* PokeAppUIKit */ = {
			isa = PBXNativeTarget;
			buildConfigurationList = 8034DCC12DE6A6BD00DA32A8 /* Build configuration list for PBXNativeTarget "PokeAppUIKit" */;
			buildPhases = (
				8034DC942DE6A6BA00DA32A8 /* Sources */,
				8034DC952DE6A6BA00DA32A8 /* Frameworks */,
				8034DC962DE6A6BA00DA32A8 /* Resources */,
				80228B492DEAB8B0001FAE86 /* Embed Frameworks */,
			);
			buildRules = (
			);
			dependencies = (
			);
			name = PokeAppUIKit;
			packageProductDependencies = (
				803BA9E12DEAC21D00BF5734 /* RealmSwift */,
			);
			productName = PokeAppUIKit;
			productReference = 8034DC982DE6A6BA00DA32A8 /* PokeAppUIKit.app */;
			productType = "com.apple.product-type.application";
		};
		8034DCAD2DE6A6BD00DA32A8 /* PokeAppUIKitTests */ = {
			isa = PBXNativeTarget;
			buildConfigurationList = 8034DCC62DE6A6BD00DA32A8 /* Build configuration list for PBXNativeTarget "PokeAppUIKitTests" */;
			buildPhases = (
				8034DCAA2DE6A6BD00DA32A8 /* Sources */,
				8034DCAB2DE6A6BD00DA32A8 /* Frameworks */,
				8034DCAC2DE6A6BD00DA32A8 /* Resources */,
				80C138F92DEAA6D50045E8B6 /* Embed Frameworks */,
			);
			buildRules = (
			);
			dependencies = (
				8034DCB02DE6A6BD00DA32A8 /* PBXTargetDependency */,
			);
			fileSystemSynchronizedGroups = (
				8034DCB12DE6A6BD00DA32A8 /* PokeAppUIKitTests */,
			);
			name = PokeAppUIKitTests;
			packageProductDependencies = (
				808BD36E2DEAC47D000E81DC /* RealmSwift */,
			);
			productName = PokeAppUIKitTests;
			productReference = 8034DCAE2DE6A6BD00DA32A8 /* PokeAppUIKitTests.xctest */;
			productType = "com.apple.product-type.bundle.unit-test";
		};
		8034DCB72DE6A6BD00DA32A8 /* PokeAppUIKitUITests */ = {
			isa = PBXNativeTarget;
			buildConfigurationList = 8034DCC92DE6A6BD00DA32A8 /* Build configuration list for PBXNativeTarget "PokeAppUIKitUITests" */;
			buildPhases = (
				8034DCB42DE6A6BD00DA32A8 /* Sources */,
				8034DCB52DE6A6BD00DA32A8 /* Frameworks */,
				8034DCB62DE6A6BD00DA32A8 /* Resources */,
			);
			buildRules = (
			);
			dependencies = (
				8034DCBA2DE6A6BD00DA32A8 /* PBXTargetDependency */,
			);
			fileSystemSynchronizedGroups = (
				8034DCBB2DE6A6BD00DA32A8 /* PokeAppUIKitUITests */,
			);
			name = PokeAppUIKitUITests;
			packageProductDependencies = (
			);
			productName = PokeAppUIKitUITests;
			productReference = 8034DCB82DE6A6BD00DA32A8 /* PokeAppUIKitUITests.xctest */;
			productType = "com.apple.product-type.bundle.ui-testing";
		};
/* End PBXNativeTarget section */

/* Begin PBXProject section */
		8034DC902DE6A6BA00DA32A8 /* Project object */ = {
			isa = PBXProject;
			attributes = {
				BuildIndependentTargetsInParallel = 1;
				LastSwiftUpdateCheck = 1630;
				LastUpgradeCheck = 1630;
				TargetAttributes = {
					8034DC972DE6A6BA00DA32A8 = {
						CreatedOnToolsVersion = 16.3;
					};
					8034DCAD2DE6A6BD00DA32A8 = {
						CreatedOnToolsVersion = 16.3;
						TestTargetID = 8034DC972DE6A6BA00DA32A8;
					};
					8034DCB72DE6A6BD00DA32A8 = {
						CreatedOnToolsVersion = 16.3;
						TestTargetID = 8034DC972DE6A6BA00DA32A8;
					};
				};
			};
			buildConfigurationList = 8034DC932DE6A6BA00DA32A8 /* Build configuration list for PBXProject "PokeAppUIKit" */;
			developmentRegion = en;
			hasScannedForEncodings = 0;
			knownRegions = (
				en,
				Base,
			);
			mainGroup = 8034DC8F2DE6A6BA00DA32A8;
			minimizedProjectReferenceProxies = 1;
			packageReferences = (
				803BA9DE2DEAC21D00BF5734 /* XCRemoteSwiftPackageReference "realm-swift" */,
			);
			preferredProjectObjectVersion = 77;
			productRefGroup = 8034DC992DE6A6BA00DA32A8 /* Products */;
			projectDirPath = "";
			projectRoot = "";
			targets = (
				8034DC972DE6A6BA00DA32A8 /* PokeAppUIKit */,
				8034DCAD2DE6A6BD00DA32A8 /* PokeAppUIKitTests */,
				8034DCB72DE6A6BD00DA32A8 /* PokeAppUIKitUITests */,
			);
		};
/* End PBXProject section */

/* Begin PBXResourcesBuildPhase section */
		8034DC962DE6A6BA00DA32A8 /* Resources */ = {
			isa = PBXResourcesBuildPhase;
			buildActionMask = 2147483647;
			files = (
				80B0FDF32DEA21AC006DC833 /* Assets.xcassets in Resources */,
				80B0FDF52DEA21AC006DC833 /* LaunchScreen.storyboard in Resources */,
				80B0FDF62DEA21AC006DC833 /* Main.storyboard in Resources */,
			);
			runOnlyForDeploymentPostprocessing = 0;
		};
		8034DCAC2DE6A6BD00DA32A8 /* Resources */ = {
			isa = PBXResourcesBuildPhase;
			buildActionMask = 2147483647;
			files = (
			);
			runOnlyForDeploymentPostprocessing = 0;
		};
		8034DCB62DE6A6BD00DA32A8 /* Resources */ = {
			isa = PBXResourcesBuildPhase;
			buildActionMask = 2147483647;
			files = (
			);
			runOnlyForDeploymentPostprocessing = 0;
		};
/* End PBXResourcesBuildPhase section */

/* Begin PBXSourcesBuildPhase section */
		8034DC942DE6A6BA00DA32A8 /* Sources */ = {
			isa = PBXSourcesBuildPhase;
			buildActionMask = 2147483647;
			files = (
				80B0FDD52DEA21AC006DC833 /* NamedAPIResourceDTO.swift in Sources */,
				808BD3742DEAC6B5000E81DC /* FavoritePokemonRepositoryProtocol.swift in Sources */,
				80B0FDD82DEA21AC006DC833 /* PokemonDTO.swift in Sources */,
				808BD3722DEAC5C2000E81DC /* MainTabBarController.swift in Sources */,
				80B0FDD92DEA21AC006DC833 /* PokemonListResponseDTO.swift in Sources */,
				80B0FDDA2DEA21AC006DC833 /* SpritesDTO.swift in Sources */,
				80B0FDDB2DEA21AC006DC833 /* StatEntryDTO.swift in Sources */,
				80B0FDDC2DEA21AC006DC833 /* TypeEntryDTO.swift in Sources */,
				80B0FDDD2DEA21AC006DC833 /* NetworkError.swift in Sources */,
				80B0FDDE2DEA21AC006DC833 /* NetworkingService.swift in Sources */,
				80B0FDDF2DEA21AC006DC833 /* NetworkingServiceProtocol.swift in Sources */,
				80B0FDE02DEA21AC006DC833 /* PokemonAPIService.swift in Sources */,
				80B0FDE12DEA21AC006DC833 /* PokemonAPIServiceProtocol.swift in Sources */,
				80B0FE162DEA7143006DC833 /* Combine.swift in Sources */,
				80B0FDE32DEA21AC006DC833 /* PokemonRepository.swift in Sources */,
				80B0FDE42DEA21AC006DC833 /* PokemonRepositoryProtocol.swift in Sources */,
				80B0FDE52DEA21AC006DC833 /* FetchAllpokemonUseCase.swift in Sources */,
				80B0FDE62DEA21AC006DC833 /* FetchAllPokemonUseCaseProtocol.swift in Sources */,
				80B0FDE72DEA21AC006DC833 /* Pokemon.swift in Sources */,
				80B0FDE82DEA21AC006DC833 /* PokemonDetail.swift in Sources */,
				80B0FDE92DEA21AC006DC833 /* PokemonStat.swift in Sources */,
				80B0FE072DEA3510006DC833 /* PokemonDetail+Mapper.swift in Sources */,
				80B0FDEA2DEA21AC006DC833 /* Sprites.swift in Sources */,
				80B0FE022DEA3404006DC833 /* UIImageView+Load.swift in Sources */,
				80B0FDEB2DEA21AC006DC833 /* PokemonCellListView.swift in Sources */,
				808BD3762DEAC736000E81DC /* FavoritePokemonRepositoryRealm.swift in Sources */,
				80B0FDEC2DEA21AC006DC833 /* PokemonDetailViewController.swift in Sources */,
				80B0FDED2DEA21AC006DC833 /* PokemonDetailViewModel.swift in Sources */,
				80B0FE092DEA4195006DC833 /* PokemonFavorite.swift in Sources */,
				80B0FE112DEA4235006DC833 /* PokemonCellListViewModel.swift in Sources */,
				808BD3792DEAC794000E81DC /* FavoritesViewModel.swift in Sources */,
				808BD37B2DEAC7D9000E81DC /* FavoritesViewController.swift in Sources */,
				80B0FDEE2DEA21AC006DC833 /* PokemonListViewController.swift in Sources */,
				80B0FDEF2DEA21AC006DC833 /* PokemonListViewModel.swift in Sources */,
				80B0FDF02DEA21AC006DC833 /* PokemonListViewModelProtocol.swift in Sources */,
				80B0FDF12DEA21AC006DC833 /* AppDelegate.swift in Sources */,
				80B0FDF22DEA21AC006DC833 /* SceneDelegate.swift in Sources */,
			);
			runOnlyForDeploymentPostprocessing = 0;
		};
		8034DCAA2DE6A6BD00DA32A8 /* Sources */ = {
			isa = PBXSourcesBuildPhase;
			buildActionMask = 2147483647;
			files = (
			);
			runOnlyForDeploymentPostprocessing = 0;
		};
		8034DCB42DE6A6BD00DA32A8 /* Sources */ = {
			isa = PBXSourcesBuildPhase;
			buildActionMask = 2147483647;
			files = (
			);
			runOnlyForDeploymentPostprocessing = 0;
		};
/* End PBXSourcesBuildPhase section */

/* Begin PBXTargetDependency section */
		8034DCB02DE6A6BD00DA32A8 /* PBXTargetDependency */ = {
			isa = PBXTargetDependency;
			target = 8034DC972DE6A6BA00DA32A8 /* PokeAppUIKit */;
			targetProxy = 8034DCAF2DE6A6BD00DA32A8 /* PBXContainerItemProxy */;
		};
		8034DCBA2DE6A6BD00DA32A8 /* PBXTargetDependency */ = {
			isa = PBXTargetDependency;
			target = 8034DC972DE6A6BA00DA32A8 /* PokeAppUIKit */;
			targetProxy = 8034DCB92DE6A6BD00DA32A8 /* PBXContainerItemProxy */;
		};
/* End PBXTargetDependency section */

/* Begin PBXVariantGroup section */
		80B0FDD02DEA21AC006DC833 /* LaunchScreen.storyboard */ = {
			isa = PBXVariantGroup;
			children = (
				80B0FDCF2DEA21AC006DC833 /* Base */,
			);
			name = LaunchScreen.storyboard;
			sourceTree = "<group>";
		};
		80B0FDD22DEA21AC006DC833 /* Main.storyboard */ = {
			isa = PBXVariantGroup;
			children = (
				80B0FDD12DEA21AC006DC833 /* Base */,
			);
			name = Main.storyboard;
			sourceTree = "<group>";
		};
/* End PBXVariantGroup section */

/* Begin XCBuildConfiguration section */
		8034DCC22DE6A6BD00DA32A8 /* Debug */ = {
			isa = XCBuildConfiguration;
			buildSettings = {
				ASSETCATALOG_COMPILER_APPICON_NAME = AppIcon;
				ASSETCATALOG_COMPILER_GLOBAL_ACCENT_COLOR_NAME = AccentColor;
				CODE_SIGN_STYLE = Automatic;
				CURRENT_PROJECT_VERSION = 1;
				DEVELOPMENT_TEAM = PQ6M67LP4Y;
				GENERATE_INFOPLIST_FILE = YES;
				INFOPLIST_FILE = PokeAppUIKit/Info.plist;
				INFOPLIST_KEY_UIApplicationSupportsIndirectInputEvents = YES;
				INFOPLIST_KEY_UILaunchStoryboardName = LaunchScreen;
				INFOPLIST_KEY_UIMainStoryboardFile = Main;
				INFOPLIST_KEY_UISupportedInterfaceOrientations_iPad = "UIInterfaceOrientationPortrait UIInterfaceOrientationPortraitUpsideDown UIInterfaceOrientationLandscapeLeft UIInterfaceOrientationLandscapeRight";
				INFOPLIST_KEY_UISupportedInterfaceOrientations_iPhone = "UIInterfaceOrientationPortrait UIInterfaceOrientationLandscapeLeft UIInterfaceOrientationLandscapeRight";
				IPHONEOS_DEPLOYMENT_TARGET = 18.0;
				LD_RUNPATH_SEARCH_PATHS = (
					"$(inherited)",
					"@executable_path/Frameworks",
				);
				MARKETING_VERSION = 1.0;
				PRODUCT_BUNDLE_IDENTIFIER = "Pedro-Ferreira.PokeAppUIKit";
				PRODUCT_NAME = "$(TARGET_NAME)";
				SWIFT_EMIT_LOC_STRINGS = YES;
				SWIFT_VERSION = 5.0;
				TARGETED_DEVICE_FAMILY = "1,2";
			};
			name = Debug;
		};
		8034DCC32DE6A6BD00DA32A8 /* Release */ = {
			isa = XCBuildConfiguration;
			buildSettings = {
				ASSETCATALOG_COMPILER_APPICON_NAME = AppIcon;
				ASSETCATALOG_COMPILER_GLOBAL_ACCENT_COLOR_NAME = AccentColor;
				CODE_SIGN_STYLE = Automatic;
				CURRENT_PROJECT_VERSION = 1;
				DEVELOPMENT_TEAM = PQ6M67LP4Y;
				GENERATE_INFOPLIST_FILE = YES;
				INFOPLIST_FILE = PokeAppUIKit/Info.plist;
				INFOPLIST_KEY_UIApplicationSupportsIndirectInputEvents = YES;
				INFOPLIST_KEY_UILaunchStoryboardName = LaunchScreen;
				INFOPLIST_KEY_UIMainStoryboardFile = Main;
				INFOPLIST_KEY_UISupportedInterfaceOrientations_iPad = "UIInterfaceOrientationPortrait UIInterfaceOrientationPortraitUpsideDown UIInterfaceOrientationLandscapeLeft UIInterfaceOrientationLandscapeRight";
				INFOPLIST_KEY_UISupportedInterfaceOrientations_iPhone = "UIInterfaceOrientationPortrait UIInterfaceOrientationLandscapeLeft UIInterfaceOrientationLandscapeRight";
				IPHONEOS_DEPLOYMENT_TARGET = 18.0;
				LD_RUNPATH_SEARCH_PATHS = (
					"$(inherited)",
					"@executable_path/Frameworks",
				);
				MARKETING_VERSION = 1.0;
				PRODUCT_BUNDLE_IDENTIFIER = "Pedro-Ferreira.PokeAppUIKit";
				PRODUCT_NAME = "$(TARGET_NAME)";
				SWIFT_EMIT_LOC_STRINGS = YES;
				SWIFT_VERSION = 5.0;
				TARGETED_DEVICE_FAMILY = "1,2";
			};
			name = Release;
		};
		8034DCC42DE6A6BD00DA32A8 /* Debug */ = {
			isa = XCBuildConfiguration;
			buildSettings = {
				ALWAYS_SEARCH_USER_PATHS = NO;
				ASSETCATALOG_COMPILER_GENERATE_SWIFT_ASSET_SYMBOL_EXTENSIONS = YES;
				CLANG_ANALYZER_NONNULL = YES;
				CLANG_ANALYZER_NUMBER_OBJECT_CONVERSION = YES_AGGRESSIVE;
				CLANG_CXX_LANGUAGE_STANDARD = "gnu++20";
				CLANG_ENABLE_MODULES = YES;
				CLANG_ENABLE_OBJC_ARC = YES;
				CLANG_ENABLE_OBJC_WEAK = YES;
				CLANG_WARN_BLOCK_CAPTURE_AUTORELEASING = YES;
				CLANG_WARN_BOOL_CONVERSION = YES;
				CLANG_WARN_COMMA = YES;
				CLANG_WARN_CONSTANT_CONVERSION = YES;
				CLANG_WARN_DEPRECATED_OBJC_IMPLEMENTATIONS = YES;
				CLANG_WARN_DIRECT_OBJC_ISA_USAGE = YES_ERROR;
				CLANG_WARN_DOCUMENTATION_COMMENTS = YES;
				CLANG_WARN_EMPTY_BODY = YES;
				CLANG_WARN_ENUM_CONVERSION = YES;
				CLANG_WARN_INFINITE_RECURSION = YES;
				CLANG_WARN_INT_CONVERSION = YES;
				CLANG_WARN_NON_LITERAL_NULL_CONVERSION = YES;
				CLANG_WARN_OBJC_IMPLICIT_RETAIN_SELF = YES;
				CLANG_WARN_OBJC_LITERAL_CONVERSION = YES;
				CLANG_WARN_OBJC_ROOT_CLASS = YES_ERROR;
				CLANG_WARN_QUOTED_INCLUDE_IN_FRAMEWORK_HEADER = YES;
				CLANG_WARN_RANGE_LOOP_ANALYSIS = YES;
				CLANG_WARN_STRICT_PROTOTYPES = YES;
				CLANG_WARN_SUSPICIOUS_MOVE = YES;
				CLANG_WARN_UNGUARDED_AVAILABILITY = YES_AGGRESSIVE;
				CLANG_WARN_UNREACHABLE_CODE = YES;
				CLANG_WARN__DUPLICATE_METHOD_MATCH = YES;
				COPY_PHASE_STRIP = NO;
				DEBUG_INFORMATION_FORMAT = dwarf;
				DEVELOPMENT_TEAM = PQ6M67LP4Y;
				ENABLE_STRICT_OBJC_MSGSEND = YES;
				ENABLE_TESTABILITY = YES;
				ENABLE_USER_SCRIPT_SANDBOXING = YES;
				GCC_C_LANGUAGE_STANDARD = gnu17;
				GCC_DYNAMIC_NO_PIC = NO;
				GCC_NO_COMMON_BLOCKS = YES;
				GCC_OPTIMIZATION_LEVEL = 0;
				GCC_PREPROCESSOR_DEFINITIONS = (
					"DEBUG=1",
					"$(inherited)",
				);
				GCC_WARN_64_TO_32_BIT_CONVERSION = YES;
				GCC_WARN_ABOUT_RETURN_TYPE = YES_ERROR;
				GCC_WARN_UNDECLARED_SELECTOR = YES;
				GCC_WARN_UNINITIALIZED_AUTOS = YES_AGGRESSIVE;
				GCC_WARN_UNUSED_FUNCTION = YES;
				GCC_WARN_UNUSED_VARIABLE = YES;
				IPHONEOS_DEPLOYMENT_TARGET = 18.4;
				LOCALIZATION_PREFERS_STRING_CATALOGS = YES;
				MTL_ENABLE_DEBUG_INFO = INCLUDE_SOURCE;
				MTL_FAST_MATH = YES;
				ONLY_ACTIVE_ARCH = YES;
				SDKROOT = iphoneos;
				SWIFT_ACTIVE_COMPILATION_CONDITIONS = "DEBUG $(inherited)";
				SWIFT_OPTIMIZATION_LEVEL = "-Onone";
			};
			name = Debug;
		};
		8034DCC52DE6A6BD00DA32A8 /* Release */ = {
			isa = XCBuildConfiguration;
			buildSettings = {
				ALWAYS_SEARCH_USER_PATHS = NO;
				ASSETCATALOG_COMPILER_GENERATE_SWIFT_ASSET_SYMBOL_EXTENSIONS = YES;
				CLANG_ANALYZER_NONNULL = YES;
				CLANG_ANALYZER_NUMBER_OBJECT_CONVERSION = YES_AGGRESSIVE;
				CLANG_CXX_LANGUAGE_STANDARD = "gnu++20";
				CLANG_ENABLE_MODULES = YES;
				CLANG_ENABLE_OBJC_ARC = YES;
				CLANG_ENABLE_OBJC_WEAK = YES;
				CLANG_WARN_BLOCK_CAPTURE_AUTORELEASING = YES;
				CLANG_WARN_BOOL_CONVERSION = YES;
				CLANG_WARN_COMMA = YES;
				CLANG_WARN_CONSTANT_CONVERSION = YES;
				CLANG_WARN_DEPRECATED_OBJC_IMPLEMENTATIONS = YES;
				CLANG_WARN_DIRECT_OBJC_ISA_USAGE = YES_ERROR;
				CLANG_WARN_DOCUMENTATION_COMMENTS = YES;
				CLANG_WARN_EMPTY_BODY = YES;
				CLANG_WARN_ENUM_CONVERSION = YES;
				CLANG_WARN_INFINITE_RECURSION = YES;
				CLANG_WARN_INT_CONVERSION = YES;
				CLANG_WARN_NON_LITERAL_NULL_CONVERSION = YES;
				CLANG_WARN_OBJC_IMPLICIT_RETAIN_SELF = YES;
				CLANG_WARN_OBJC_LITERAL_CONVERSION = YES;
				CLANG_WARN_OBJC_ROOT_CLASS = YES_ERROR;
				CLANG_WARN_QUOTED_INCLUDE_IN_FRAMEWORK_HEADER = YES;
				CLANG_WARN_RANGE_LOOP_ANALYSIS = YES;
				CLANG_WARN_STRICT_PROTOTYPES = YES;
				CLANG_WARN_SUSPICIOUS_MOVE = YES;
				CLANG_WARN_UNGUARDED_AVAILABILITY = YES_AGGRESSIVE;
				CLANG_WARN_UNREACHABLE_CODE = YES;
				CLANG_WARN__DUPLICATE_METHOD_MATCH = YES;
				COPY_PHASE_STRIP = NO;
				DEBUG_INFORMATION_FORMAT = "dwarf-with-dsym";
				DEVELOPMENT_TEAM = PQ6M67LP4Y;
				ENABLE_NS_ASSERTIONS = NO;
				ENABLE_STRICT_OBJC_MSGSEND = YES;
				ENABLE_USER_SCRIPT_SANDBOXING = YES;
				GCC_C_LANGUAGE_STANDARD = gnu17;
				GCC_NO_COMMON_BLOCKS = YES;
				GCC_WARN_64_TO_32_BIT_CONVERSION = YES;
				GCC_WARN_ABOUT_RETURN_TYPE = YES_ERROR;
				GCC_WARN_UNDECLARED_SELECTOR = YES;
				GCC_WARN_UNINITIALIZED_AUTOS = YES_AGGRESSIVE;
				GCC_WARN_UNUSED_FUNCTION = YES;
				GCC_WARN_UNUSED_VARIABLE = YES;
				IPHONEOS_DEPLOYMENT_TARGET = 18.4;
				LOCALIZATION_PREFERS_STRING_CATALOGS = YES;
				MTL_ENABLE_DEBUG_INFO = NO;
				MTL_FAST_MATH = YES;
				SDKROOT = iphoneos;
				SWIFT_COMPILATION_MODE = wholemodule;
				VALIDATE_PRODUCT = YES;
			};
			name = Release;
		};
		8034DCC72DE6A6BD00DA32A8 /* Debug */ = {
			isa = XCBuildConfiguration;
			buildSettings = {
				BUNDLE_LOADER = "$(TEST_HOST)";
				CODE_SIGN_STYLE = Automatic;
				CURRENT_PROJECT_VERSION = 1;
				DEVELOPMENT_TEAM = PQ6M67LP4Y;
				GENERATE_INFOPLIST_FILE = YES;
				IPHONEOS_DEPLOYMENT_TARGET = 18.0;
				MARKETING_VERSION = 1.0;
				PRODUCT_BUNDLE_IDENTIFIER = "Pedro-Ferreira.PokeAppUIKitTests";
				PRODUCT_NAME = "$(TARGET_NAME)";
				SWIFT_EMIT_LOC_STRINGS = NO;
				SWIFT_VERSION = 5.0;
				TARGETED_DEVICE_FAMILY = "1,2";
				TEST_HOST = "$(BUILT_PRODUCTS_DIR)/PokeAppUIKit.app/$(BUNDLE_EXECUTABLE_FOLDER_PATH)/PokeAppUIKit";
			};
			name = Debug;
		};
		8034DCC82DE6A6BD00DA32A8 /* Release */ = {
			isa = XCBuildConfiguration;
			buildSettings = {
				BUNDLE_LOADER = "$(TEST_HOST)";
				CODE_SIGN_STYLE = Automatic;
				CURRENT_PROJECT_VERSION = 1;
				DEVELOPMENT_TEAM = PQ6M67LP4Y;
				GENERATE_INFOPLIST_FILE = YES;
				IPHONEOS_DEPLOYMENT_TARGET = 18.0;
				MARKETING_VERSION = 1.0;
				PRODUCT_BUNDLE_IDENTIFIER = "Pedro-Ferreira.PokeAppUIKitTests";
				PRODUCT_NAME = "$(TARGET_NAME)";
				SWIFT_EMIT_LOC_STRINGS = NO;
				SWIFT_VERSION = 5.0;
				TARGETED_DEVICE_FAMILY = "1,2";
				TEST_HOST = "$(BUILT_PRODUCTS_DIR)/PokeAppUIKit.app/$(BUNDLE_EXECUTABLE_FOLDER_PATH)/PokeAppUIKit";
			};
			name = Release;
		};
		8034DCCA2DE6A6BD00DA32A8 /* Debug */ = {
			isa = XCBuildConfiguration;
			buildSettings = {
				CODE_SIGN_STYLE = Automatic;
				CURRENT_PROJECT_VERSION = 1;
				DEVELOPMENT_TEAM = PQ6M67LP4Y;
				GENERATE_INFOPLIST_FILE = YES;
				IPHONEOS_DEPLOYMENT_TARGET = 18.0;
				MARKETING_VERSION = 1.0;
				PRODUCT_BUNDLE_IDENTIFIER = "Pedro-Ferreira.PokeAppUIKitUITests";
				PRODUCT_NAME = "$(TARGET_NAME)";
				SWIFT_EMIT_LOC_STRINGS = NO;
				SWIFT_VERSION = 5.0;
				TARGETED_DEVICE_FAMILY = "1,2";
				TEST_TARGET_NAME = PokeAppUIKit;
			};
			name = Debug;
		};
		8034DCCB2DE6A6BD00DA32A8 /* Release */ = {
			isa = XCBuildConfiguration;
			buildSettings = {
				CODE_SIGN_STYLE = Automatic;
				CURRENT_PROJECT_VERSION = 1;
				DEVELOPMENT_TEAM = PQ6M67LP4Y;
				GENERATE_INFOPLIST_FILE = YES;
				IPHONEOS_DEPLOYMENT_TARGET = 18.0;
				MARKETING_VERSION = 1.0;
				PRODUCT_BUNDLE_IDENTIFIER = "Pedro-Ferreira.PokeAppUIKitUITests";
				PRODUCT_NAME = "$(TARGET_NAME)";
				SWIFT_EMIT_LOC_STRINGS = NO;
				SWIFT_VERSION = 5.0;
				TARGETED_DEVICE_FAMILY = "1,2";
				TEST_TARGET_NAME = PokeAppUIKit;
			};
			name = Release;
		};
/* End XCBuildConfiguration section */

/* Begin XCConfigurationList section */
		8034DC932DE6A6BA00DA32A8 /* Build configuration list for PBXProject "PokeAppUIKit" */ = {
			isa = XCConfigurationList;
			buildConfigurations = (
				8034DCC42DE6A6BD00DA32A8 /* Debug */,
				8034DCC52DE6A6BD00DA32A8 /* Release */,
			);
			defaultConfigurationIsVisible = 0;
			defaultConfigurationName = Release;
		};
		8034DCC12DE6A6BD00DA32A8 /* Build configuration list for PBXNativeTarget "PokeAppUIKit" */ = {
			isa = XCConfigurationList;
			buildConfigurations = (
				8034DCC22DE6A6BD00DA32A8 /* Debug */,
				8034DCC32DE6A6BD00DA32A8 /* Release */,
			);
			defaultConfigurationIsVisible = 0;
			defaultConfigurationName = Release;
		};
		8034DCC62DE6A6BD00DA32A8 /* Build configuration list for PBXNativeTarget "PokeAppUIKitTests" */ = {
			isa = XCConfigurationList;
			buildConfigurations = (
				8034DCC72DE6A6BD00DA32A8 /* Debug */,
				8034DCC82DE6A6BD00DA32A8 /* Release */,
			);
			defaultConfigurationIsVisible = 0;
			defaultConfigurationName = Release;
		};
		8034DCC92DE6A6BD00DA32A8 /* Build configuration list for PBXNativeTarget "PokeAppUIKitUITests" */ = {
			isa = XCConfigurationList;
			buildConfigurations = (
				8034DCCA2DE6A6BD00DA32A8 /* Debug */,
				8034DCCB2DE6A6BD00DA32A8 /* Release */,
			);
			defaultConfigurationIsVisible = 0;
			defaultConfigurationName = Release;
		};
/* End XCConfigurationList section */

/* Begin XCRemoteSwiftPackageReference section */
		803BA9DE2DEAC21D00BF5734 /* XCRemoteSwiftPackageReference "realm-swift" */ = {
			isa = XCRemoteSwiftPackageReference;
			repositoryURL = "https://github.com/realm/realm-swift";
			requirement = {
				branch = master;
				kind = branch;
			};
		};
/* End XCRemoteSwiftPackageReference section */

/* Begin XCSwiftPackageProductDependency section */
		803BA9E12DEAC21D00BF5734 /* RealmSwift */ = {
			isa = XCSwiftPackageProductDependency;
			package = 803BA9DE2DEAC21D00BF5734 /* XCRemoteSwiftPackageReference "realm-swift" */;
			productName = RealmSwift;
		};
		808BD36E2DEAC47D000E81DC /* RealmSwift */ = {
			isa = XCSwiftPackageProductDependency;
			package = 803BA9DE2DEAC21D00BF5734 /* XCRemoteSwiftPackageReference "realm-swift" */;
			productName = RealmSwift;
		};
/* End XCSwiftPackageProductDependency section */
	};
	rootObject = 8034DC902DE6A6BA00DA32A8 /* Project object */;
}
