// !$*UTF8*$!
{
	archiveVersion = 1;
	classes = {
	};
	objectVersion = 77;
	objects = {

/* Begin PBXContainerItemProxy section */
		8034DCAF2DE6A6BD00DA32A8 /* PBXContainerItemProxy */ = {
			isa = PBXContainerItemProxy;
			containerPortal = 8034DC902DE6A6BA00DA32A8 /* Project object */;
			proxyType = 1;
			remoteGlobalIDString = 8034DC972DE6A6BA00DA32A8;
			remoteInfo = PokeAppUIKit;
		};
		8034DCB92DE6A6BD00DA32A8 /* PBXContainerItemProxy */ = {
			isa = PBXContainerItemProxy;
			containerPortal = 8034DC902DE6A6BA00DA32A8 /* Project object */;
			proxyType = 1;
			remoteGlobalIDString = 8034DC972DE6A6BA00DA32A8;
			remoteInfo = PokeAppUIKit;
		};
/* End PBXContainerItemProxy section */

/* Begin PBXFileReference section */
		8034DC982DE6A6BA00DA32A8 /* PokeAppUIKit.app */ = {isa = PBXFileReference; explicitFileType = wrapper.application; includeInIndex = 0; path = PokeAppUIKit.app; sourceTree = BUILT_PRODUCTS_DIR; };
		8034DCAE2DE6A6BD00DA32A8 /* PokeAppUIKitTests.xctest */ = {isa = PBXFileReference; explicitFileType = wrapper.cfbundle; includeInIndex = 0; path = PokeAppUIKitTests.xctest; sourceTree = BUILT_PRODUCTS_DIR; };
		8034DCB82DE6A6BD00DA32A8 /* PokeAppUIKitUITests.xctest */ = {isa = PBXFileReference; explicitFileType = wrapper.cfbundle; includeInIndex = 0; path = PokeAppUIKitUITests.xctest; sourceTree = BUILT_PRODUCTS_DIR; };
/* End PBXFileReference section */

/* Begin PBXFileSystemSynchronizedBuildFileExceptionSet section */
		8034DCC02DE6A6BD00DA32A8 /* Exceptions for "PokeAppUIKit" folder in "PokeAppUIKit" target */ = {
			isa = PBXFileSystemSynchronizedBuildFileExceptionSet;
			membershipExceptions = (
				Info.plist,
			);
			target = 8034DC972DE6A6BA00DA32A8 /* PokeAppUIKit */;
		};
/* End PBXFileSystemSynchronizedBuildFileExceptionSet section */

/* Begin PBXFileSystemSynchronizedRootGroup section */
		8034DC9A2DE6A6BA00DA32A8 /* PokeAppUIKit */ = {
			isa = PBXFileSystemSynchronizedRootGroup;
			exceptions = (
				8034DCC02DE6A6BD00DA32A8 /* Exceptions for "PokeAppUIKit" folder in "PokeAppUIKit" target */,
			);
			path = PokeAppUIKit;
			sourceTree = "<group>";
		};
		8034DCB12DE6A6BD00DA32A8 /* PokeAppUIKitTests */ = {
			isa = PBXFileSystemSynchronizedRootGroup;
			path = PokeAppUIKitTests;
			sourceTree = "<group>";
		};
		8034DCBB2DE6A6BD00DA32A8 /* PokeAppUIKitUITests */ = {
			isa = PBXFileSystemSynchronizedRootGroup;
			path = PokeAppUIKitUITests;
			sourceTree = "<group>";
		};
/* End PBXFileSystemSynchronizedRootGroup section */

/* Begin PBXFrameworksBuildPhase section */
		8034DC952DE6A6BA00DA32A8 /* Frameworks */ = {
			isa = PBXFrameworksBuildPhase;
			buildActionMask = 2147483647;
			files = (
			);
			runOnlyForDeploymentPostprocessing = 0;
		};
		8034DCAB2DE6A6BD00DA32A8 /* Frameworks */ = {
			isa = PBXFrameworksBuildPhase;
			buildActionMask = 2147483647;
			files = (
			);
			runOnlyForDeploymentPostprocessing = 0;
		};
		8034DCB52DE6A6BD00DA32A8 /* Frameworks */ = {
			isa = PBXFrameworksBuildPhase;
			buildActionMask = 2147483647;
			files = (
			);
			runOnlyForDeploymentPostprocessing = 0;
		};
/* End PBXFrameworksBuildPhase section */

/* Begin PBXGroup section */
		8034DC8F2DE6A6BA00DA32A8 = {
			isa = PBXGroup;
			children = (
				8034DC9A2DE6A6BA00DA32A8 /* PokeAppUIKit */,
				8034DCB12DE6A6BD00DA32A8 /* PokeAppUIKitTests */,
				8034DCBB2DE6A6BD00DA32A8 /* PokeAppUIKitUITests */,
				8034DC992DE6A6BA00DA32A8 /* Products */,
			);
			sourceTree = "<group>";
		};
		8034DC992DE6A6BA00DA32A8 /* Products */ = {
			isa = PBXGroup;
			children = (
				8034DC982DE6A6BA00DA32A8 /* PokeAppUIKit.app */,
				8034DCAE2DE6A6BD00DA32A8 /* PokeAppUIKitTests.xctest */,
				8034DCB82DE6A6BD00DA32A8 /* PokeAppUIKitUITests.xctest */,
			);
			name = Products;
			sourceTree = "<group>";
		};
/* End PBXGroup section */

/* Begin PBXNativeTarget section */
		8034DC972DE6A6BA00DA32A8 /* PokeAppUIKit */ = {
			isa = PBXNativeTarget;
			buildConfigurationList = 8034DCC12DE6A6BD00DA32A8 /* Build configuration list for PBXNativeTarget "PokeAppUIKit" */;
			buildPhases = (
				8034DC942DE6A6BA00DA32A8 /* Sources */,
				8034DC952DE6A6BA00DA32A8 /* Frameworks */,
				8034DC962DE6A6BA00DA32A8 /* Resources */,
			);
			buildRules = (
			);
			dependencies = (
			);
			fileSystemSynchronizedGroups = (
				8034DC9A2DE6A6BA00DA32A8 /* PokeAppUIKit */,
			);
			name = PokeAppUIKit;
			packageProductDependencies = (
			);
			productName = PokeAppUIKit;
			productReference = 8034DC982DE6A6BA00DA32A8 /* PokeAppUIKit.app */;
			productType = "com.apple.product-type.application";
		};
		8034DCAD2DE6A6BD00DA32A8 /* PokeAppUIKitTests */ = {
			isa = PBXNativeTarget;
			buildConfigurationList = 8034DCC62DE6A6BD00DA32A8 /* Build configuration list for PBXNativeTarget "PokeAppUIKitTests" */;
			buildPhases = (
				8034DCAA2DE6A6BD00DA32A8 /* Sources */,
				8034DCAB2DE6A6BD00DA32A8 /* Frameworks */,
				8034DCAC2DE6A6BD00DA32A8 /* Resources */,
			);
			buildRules = (
			);
			dependencies = (
				8034DCB02DE6A6BD00DA32A8 /* PBXTargetDependency */,
			);
			fileSystemSynchronizedGroups = (
				8034DCB12DE6A6BD00DA32A8 /* PokeAppUIKitTests */,
			);
			name = PokeAppUIKitTests;
			packageProductDependencies = (
			);
			productName = PokeAppUIKitTests;
			productReference = 8034DCAE2DE6A6BD00DA32A8 /* PokeAppUIKitTests.xctest */;
			productType = "com.apple.product-type.bundle.unit-test";
		};
		8034DCB72DE6A6BD00DA32A8 /* PokeAppUIKitUITests */ = {
			isa = PBXNativeTarget;
			buildConfigurationList = 8034DCC92DE6A6BD00DA32A8 /* Build configuration list for PBXNativeTarget "PokeAppUIKitUITests" */;
			buildPhases = (
				8034DCB42DE6A6BD00DA32A8 /* Sources */,
				8034DCB52DE6A6BD00DA32A8 /* Frameworks */,
				8034DCB62DE6A6BD00DA32A8 /* Resources */,
			);
			buildRules = (
			);
			dependencies = (
				8034DCBA2DE6A6BD00DA32A8 /* PBXTargetDependency */,
			);
			fileSystemSynchronizedGroups = (
				8034DCBB2DE6A6BD00DA32A8 /* PokeAppUIKitUITests */,
			);
			name = PokeAppUIKitUITests;
			packageProductDependencies = (
			);
			productName = PokeAppUIKitUITests;
			productReference = 8034DCB82DE6A6BD00DA32A8 /* PokeAppUIKitUITests.xctest */;
			productType = "com.apple.product-type.bundle.ui-testing";
		};
/* End PBXNativeTarget section */

/* Begin PBXProject section */
		8034DC902DE6A6BA00DA32A8 /* Project object */ = {
			isa = PBXProject;
			attributes = {
				BuildIndependentTargetsInParallel = 1;
				LastSwiftUpdateCheck = 1630;
				LastUpgradeCheck = 1630;
				TargetAttributes = {
					8034DC972DE6A6BA00DA32A8 = {
						CreatedOnToolsVersion = 16.3;
					};
					8034DCAD2DE6A6BD00DA32A8 = {
						CreatedOnToolsVersion = 16.3;
						TestTargetID = 8034DC972DE6A6BA00DA32A8;
					};
					8034DCB72DE6A6BD00DA32A8 = {
						CreatedOnToolsVersion = 16.3;
						TestTargetID = 8034DC972DE6A6BA00DA32A8;
					};
				};
			};
			buildConfigurationList = 8034DC932DE6A6BA00DA32A8 /* Build configuration list for PBXProject "PokeAppUIKit" */;
			developmentRegion = en;
			hasScannedForEncodings = 0;
			knownRegions = (
				en,
				Base,
			);
			mainGroup = 8034DC8F2DE6A6BA00DA32A8;
			minimizedProjectReferenceProxies = 1;
			preferredProjectObjectVersion = 77;
			productRefGroup = 8034DC992DE6A6BA00DA32A8 /* Products */;
			projectDirPath = "";
			projectRoot = "";
			targets = (
				8034DC972DE6A6BA00DA32A8 /* PokeAppUIKit */,
				8034DCAD2DE6A6BD00DA32A8 /* PokeAppUIKitTests */,
				8034DCB72DE6A6BD00DA32A8 /* PokeAppUIKitUITests */,
			);
		};
/* End PBXProject section */

/* Begin PBXResourcesBuildPhase section */
		8034DC962DE6A6BA00DA32A8 /* Resources */ = {
			isa = PBXResourcesBuildPhase;
			buildActionMask = 2147483647;
			files = (
			);
			runOnlyForDeploymentPostprocessing = 0;
		};
		8034DCAC2DE6A6BD00DA32A8 /* Resources */ = {
			isa = PBXResourcesBuildPhase;
			buildActionMask = 2147483647;
			files = (
			);
			runOnlyForDeploymentPostprocessing = 0;
		};
		8034DCB62DE6A6BD00DA32A8 /* Resources */ = {
			isa = PBXResourcesBuildPhase;
			buildActionMask = 2147483647;
			files = (
			);
			runOnlyForDeploymentPostprocessing = 0;
		};
/* End PBXResourcesBuildPhase section */

/* Begin PBXSourcesBuildPhase section */
		8034DC942DE6A6BA00DA32A8 /* Sources */ = {
			isa = PBXSourcesBuildPhase;
			buildActionMask = 2147483647;
			files = (
			);
			runOnlyForDeploymentPostprocessing = 0;
		};
		8034DCAA2DE6A6BD00DA32A8 /* Sources */ = {
			isa = PBXSourcesBuildPhase;
			buildActionMask = 2147483647;
			files = (
			);
			runOnlyForDeploymentPostprocessing = 0;
		};
		8034DCB42DE6A6BD00DA32A8 /* Sources */ = {
			isa = PBXSourcesBuildPhase;
			buildActionMask = 2147483647;
			files = (
			);
			runOnlyForDeploymentPostprocessing = 0;
		};
/* End PBXSourcesBuildPhase section */

/* Begin PBXTargetDependency section */
		8034DCB02DE6A6BD00DA32A8 /* PBXTargetDependency */ = {
			isa = PBXTargetDependency;
			target = 8034DC972DE6A6BA00DA32A8 /* PokeAppUIKit */;
			targetProxy = 8034DCAF2DE6A6BD00DA32A8 /* PBXContainerItemProxy */;
		};
		8034DCBA2DE6A6BD00DA32A8 /* PBXTargetDependency */ = {
			isa = PBXTargetDependency;
			target = 8034DC972DE6A6BA00DA32A8 /* PokeAppUIKit */;
			targetProxy = 8034DCB92DE6A6BD00DA32A8 /* PBXContainerItemProxy */;
		};
/* End PBXTargetDependency section */

/* Begin XCBuildConfiguration section */
		8034DCC22DE6A6BD00DA32A8 /* Debug */ = {
			isa = XCBuildConfiguration;
			buildSettings = {
				ASSETCATALOG_COMPILER_APPICON_NAME = AppIcon;
				ASSETCATALOG_COMPILER_GLOBAL_ACCENT_COLOR_NAME = AccentColor;
				CODE_SIGN_STYLE = Automatic;
				CURRENT_PROJECT_VERSION = 1;
				DEVELOPMENT_TEAM = PQ6M67LP4Y;
				GENERATE_INFOPLIST_FILE = YES;
				INFOPLIST_FILE = PokeAppUIKit/Info.plist;
				INFOPLIST_KEY_UIApplicationSupportsIndirectInputEvents = YES;
				INFOPLIST_KEY_UILaunchStoryboardName = LaunchScreen;
				INFOPLIST_KEY_UIMainStoryboardFile = Main;
				INFOPLIST_KEY_UISupportedInterfaceOrientations_iPad = "UIInterfaceOrientationPortrait UIInterfaceOrientationPortraitUpsideDown UIInterfaceOrientationLandscapeLeft UIInterfaceOrientationLandscapeRight";
				INFOPLIST_KEY_UISupportedInterfaceOrientations_iPhone = "UIInterfaceOrientationPortrait UIInterfaceOrientationLandscapeLeft UIInterfaceOrientationLandscapeRight";
				IPHONEOS_DEPLOYMENT_TARGET = 18.0;
				LD_RUNPATH_SEARCH_PATHS = (
					"$(inherited)",
					"@executable_path/Frameworks",
				);
				MARKETING_VERSION = 1.0;
				PRODUCT_BUNDLE_IDENTIFIER = "Pedro-Ferreira.PokeAppUIKit";
				PRODUCT_NAME = "$(TARGET_NAME)";
				SWIFT_EMIT_LOC_STRINGS = YES;
				SWIFT_VERSION = 5.0;
				TARGETED_DEVICE_FAMILY = "1,2";
			};
			name = Debug;
		};
		8034DCC32DE6A6BD00DA32A8 /* Release */ = {
			isa = XCBuildConfiguration;
			buildSettings = {
				ASSETCATALOG_COMPILER_APPICON_NAME = AppIcon;
				ASSETCATALOG_COMPILER_GLOBAL_ACCENT_COLOR_NAME = AccentColor;
				CODE_SIGN_STYLE = Automatic;
				CURRENT_PROJECT_VERSION = 1;
				DEVELOPMENT_TEAM = PQ6M67LP4Y;
				GENERATE_INFOPLIST_FILE = YES;
				INFOPLIST_FILE = PokeAppUIKit/Info.plist;
				INFOPLIST_KEY_UIApplicationSupportsIndirectInputEvents = YES;
				INFOPLIST_KEY_UILaunchStoryboardName = LaunchScreen;
				INFOPLIST_KEY_UIMainStoryboardFile = Main;
				INFOPLIST_KEY_UISupportedInterfaceOrientations_iPad = "UIInterfaceOrientationPortrait UIInterfaceOrientationPortraitUpsideDown UIInterfaceOrientationLandscapeLeft UIInterfaceOrientationLandscapeRight";
				INFOPLIST_KEY_UISupportedInterfaceOrientations_iPhone = "UIInterfaceOrientationPortrait UIInterfaceOrientationLandscapeLeft UIInterfaceOrientationLandscapeRight";
				IPHONEOS_DEPLOYMENT_TARGET = 18.0;
				LD_RUNPATH_SEARCH_PATHS = (
					"$(inherited)",
					"@executable_path/Frameworks",
				);
				MARKETING_VERSION = 1.0;
				PRODUCT_BUNDLE_IDENTIFIER = "Pedro-Ferreira.PokeAppUIKit";
				PRODUCT_NAME = "$(TARGET_NAME)";
				SWIFT_EMIT_LOC_STRINGS = YES;
				SWIFT_VERSION = 5.0;
				TARGETED_DEVICE_FAMILY = "1,2";
			};
			name = Release;
		};
		8034DCC42DE6A6BD00DA32A8 /* Debug */ = {
			isa = XCBuildConfiguration;
			buildSettings = {
				ALWAYS_SEARCH_USER_PATHS = NO;
				ASSETCATALOG_COMPILER_GENERATE_SWIFT_ASSET_SYMBOL_EXTENSIONS = YES;
				CLANG_ANALYZER_NONNULL = YES;
				CLANG_ANALYZER_NUMBER_OBJECT_CONVERSION = YES_AGGRESSIVE;
				CLANG_CXX_LANGUAGE_STANDARD = "gnu++20";
				CLANG_ENABLE_MODULES = YES;
				CLANG_ENABLE_OBJC_ARC = YES;
				CLANG_ENABLE_OBJC_WEAK = YES;
				CLANG_WARN_BLOCK_CAPTURE_AUTORELEASING = YES;
				CLANG_WARN_BOOL_CONVERSION = YES;
				CLANG_WARN_COMMA = YES;
				CLANG_WARN_CONSTANT_CONVERSION = YES;
				CLANG_WARN_DEPRECATED_OBJC_IMPLEMENTATIONS = YES;
				CLANG_WARN_DIRECT_OBJC_ISA_USAGE = YES_ERROR;
				CLANG_WARN_DOCUMENTATION_COMMENTS = YES;
				CLANG_WARN_EMPTY_BODY = YES;
				CLANG_WARN_ENUM_CONVERSION = YES;
				CLANG_WARN_INFINITE_RECURSION = YES;
				CLANG_WARN_INT_CONVERSION = YES;
				CLANG_WARN_NON_LITERAL_NULL_CONVERSION = YES;
				CLANG_WARN_OBJC_IMPLICIT_RETAIN_SELF = YES;
				CLANG_WARN_OBJC_LITERAL_CONVERSION = YES;
				CLANG_WARN_OBJC_ROOT_CLASS = YES_ERROR;
				CLANG_WARN_QUOTED_INCLUDE_IN_FRAMEWORK_HEADER = YES;
				CLANG_WARN_RANGE_LOOP_ANALYSIS = YES;
				CLANG_WARN_STRICT_PROTOTYPES = YES;
				CLANG_WARN_SUSPICIOUS_MOVE = YES;
				CLANG_WARN_UNGUARDED_AVAILABILITY = YES_AGGRESSIVE;
				CLANG_WARN_UNREACHABLE_CODE = YES;
				CLANG_WARN__DUPLICATE_METHOD_MATCH = YES;
				COPY_PHASE_STRIP = NO;
				DEBUG_INFORMATION_FORMAT = dwarf;
				DEVELOPMENT_TEAM = PQ6M67LP4Y;
				ENABLE_STRICT_OBJC_MSGSEND = YES;
				ENABLE_TESTABILITY = YES;
				ENABLE_USER_SCRIPT_SANDBOXING = YES;
				GCC_C_LANGUAGE_STANDARD = gnu17;
				GCC_DYNAMIC_NO_PIC = NO;
				GCC_NO_COMMON_BLOCKS = YES;
				GCC_OPTIMIZATION_LEVEL = 0;
				GCC_PREPROCESSOR_DEFINITIONS = (
					"DEBUG=1",
					"$(inherited)",
				);
				GCC_WARN_64_TO_32_BIT_CONVERSION = YES;
				GCC_WARN_ABOUT_RETURN_TYPE = YES_ERROR;
				GCC_WARN_UNDECLARED_SELECTOR = YES;
				GCC_WARN_UNINITIALIZED_AUTOS = YES_AGGRESSIVE;
				GCC_WARN_UNUSED_FUNCTION = YES;
				GCC_WARN_UNUSED_VARIABLE = YES;
				IPHONEOS_DEPLOYMENT_TARGET = 18.4;
				LOCALIZATION_PREFERS_STRING_CATALOGS = YES;
				MTL_ENABLE_DEBUG_INFO = INCLUDE_SOURCE;
				MTL_FAST_MATH = YES;
				ONLY_ACTIVE_ARCH = YES;
				SDKROOT = iphoneos;
				SWIFT_ACTIVE_COMPILATION_CONDITIONS = "DEBUG $(inherited)";
				SWIFT_OPTIMIZATION_LEVEL = "-Onone";
			};
			name = Debug;
		};
		8034DCC52DE6A6BD00DA32A8 /* Release */ = {
			isa = XCBuildConfiguration;
			buildSettings = {
				ALWAYS_SEARCH_USER_PATHS = NO;
				ASSETCATALOG_COMPILER_GENERATE_SWIFT_ASSET_SYMBOL_EXTENSIONS = YES;
				CLANG_ANALYZER_NONNULL = YES;
				CLANG_ANALYZER_NUMBER_OBJECT_CONVERSION = YES_AGGRESSIVE;
				CLANG_CXX_LANGUAGE_STANDARD = "gnu++20";
				CLANG_ENABLE_MODULES = YES;
				CLANG_ENABLE_OBJC_ARC = YES;
				CLANG_ENABLE_OBJC_WEAK = YES;
				CLANG_WARN_BLOCK_CAPTURE_AUTORELEASING = YES;
				CLANG_WARN_BOOL_CONVERSION = YES;
				CLANG_WARN_COMMA = YES;
				CLANG_WARN_CONSTANT_CONVERSION = YES;
				CLANG_WARN_DEPRECATED_OBJC_IMPLEMENTATIONS = YES;
				CLANG_WARN_DIRECT_OBJC_ISA_USAGE = YES_ERROR;
				CLANG_WARN_DOCUMENTATION_COMMENTS = YES;
				CLANG_WARN_EMPTY_BODY = YES;
				CLANG_WARN_ENUM_CONVERSION = YES;
				CLANG_WARN_INFINITE_RECURSION = YES;
				CLANG_WARN_INT_CONVERSION = YES;
				CLANG_WARN_NON_LITERAL_NULL_CONVERSION = YES;
				CLANG_WARN_OBJC_IMPLICIT_RETAIN_SELF = YES;
				CLANG_WARN_OBJC_LITERAL_CONVERSION = YES;
				CLANG_WARN_OBJC_ROOT_CLASS = YES_ERROR;
				CLANG_WARN_QUOTED_INCLUDE_IN_FRAMEWORK_HEADER = YES;
				CLANG_WARN_RANGE_LOOP_ANALYSIS = YES;
				CLANG_WARN_STRICT_PROTOTYPES = YES;
				CLANG_WARN_SUSPICIOUS_MOVE = YES;
				CLANG_WARN_UNGUARDED_AVAILABILITY = YES_AGGRESSIVE;
				CLANG_WARN_UNREACHABLE_CODE = YES;
				CLANG_WARN__DUPLICATE_METHOD_MATCH = YES;
				COPY_PHASE_STRIP = NO;
				DEBUG_INFORMATION_FORMAT = "dwarf-with-dsym";
				DEVELOPMENT_TEAM = PQ6M67LP4Y;
				ENABLE_NS_ASSERTIONS = NO;
				ENABLE_STRICT_OBJC_MSGSEND = YES;
				ENABLE_USER_SCRIPT_SANDBOXING = YES;
				GCC_C_LANGUAGE_STANDARD = gnu17;
				GCC_NO_COMMON_BLOCKS = YES;
				GCC_WARN_64_TO_32_BIT_CONVERSION = YES;
				GCC_WARN_ABOUT_RETURN_TYPE = YES_ERROR;
				GCC_WARN_UNDECLARED_SELECTOR = YES;
				GCC_WARN_UNINITIALIZED_AUTOS = YES_AGGRESSIVE;
				GCC_WARN_UNUSED_FUNCTION = YES;
				GCC_WARN_UNUSED_VARIABLE = YES;
				IPHONEOS_DEPLOYMENT_TARGET = 18.4;
				LOCALIZATION_PREFERS_STRING_CATALOGS = YES;
				MTL_ENABLE_DEBUG_INFO = NO;
				MTL_FAST_MATH = YES;
				SDKROOT = iphoneos;
				SWIFT_COMPILATION_MODE = wholemodule;
				VALIDATE_PRODUCT = YES;
			};
			name = Release;
		};
		8034DCC72DE6A6BD00DA32A8 /* Debug */ = {
			isa = XCBuildConfiguration;
			buildSettings = {
				BUNDLE_LOADER = "$(TEST_HOST)";
				CODE_SIGN_STYLE = Automatic;
				CURRENT_PROJECT_VERSION = 1;
				DEVELOPMENT_TEAM = PQ6M67LP4Y;
				GENERATE_INFOPLIST_FILE = YES;
				IPHONEOS_DEPLOYMENT_TARGET = 18.4;
				MARKETING_VERSION = 1.0;
				PRODUCT_BUNDLE_IDENTIFIER = "Pedro-Ferreira.PokeAppUIKitTests";
				PRODUCT_NAME = "$(TARGET_NAME)";
				SWIFT_EMIT_LOC_STRINGS = NO;
				SWIFT_VERSION = 5.0;
				TARGETED_DEVICE_FAMILY = "1,2";
				TEST_HOST = "$(BUILT_PRODUCTS_DIR)/PokeAppUIKit.app/$(BUNDLE_EXECUTABLE_FOLDER_PATH)/PokeAppUIKit";
			};
			name = Debug;
		};
		8034DCC82DE6A6BD00DA32A8 /* Release */ = {
			isa = XCBuildConfiguration;
			buildSettings = {
				BUNDLE_LOADER = "$(TEST_HOST)";
				CODE_SIGN_STYLE = Automatic;
				CURRENT_PROJECT_VERSION = 1;
				DEVELOPMENT_TEAM = PQ6M67LP4Y;
				GENERATE_INFOPLIST_FILE = YES;
				IPHONEOS_DEPLOYMENT_TARGET = 18.4;
				MARKETING_VERSION = 1.0;
				PRODUCT_BUNDLE_IDENTIFIER = "Pedro-Ferreira.PokeAppUIKitTests";
				PRODUCT_NAME = "$(TARGET_NAME)";
				SWIFT_EMIT_LOC_STRINGS = NO;
				SWIFT_VERSION = 5.0;
				TARGETED_DEVICE_FAMILY = "1,2";
				TEST_HOST = "$(BUILT_PRODUCTS_DIR)/PokeAppUIKit.app/$(BUNDLE_EXECUTABLE_FOLDER_PATH)/PokeAppUIKit";
			};
			name = Release;
		};
		8034DCCA2DE6A6BD00DA32A8 /* Debug */ = {
			isa = XCBuildConfiguration;
			buildSettings = {
				CODE_SIGN_STYLE = Automatic;
				CURRENT_PROJECT_VERSION = 1;
				DEVELOPMENT_TEAM = PQ6M67LP4Y;
				GENERATE_INFOPLIST_FILE = YES;
				MARKETING_VERSION = 1.0;
				PRODUCT_BUNDLE_IDENTIFIER = "Pedro-Ferreira.PokeAppUIKitUITests";
				PRODUCT_NAME = "$(TARGET_NAME)";
				SWIFT_EMIT_LOC_STRINGS = NO;
				SWIFT_VERSION = 5.0;
				TARGETED_DEVICE_FAMILY = "1,2";
				TEST_TARGET_NAME = PokeAppUIKit;
			};
			name = Debug;
		};
		8034DCCB2DE6A6BD00DA32A8 /* Release */ = {
			isa = XCBuildConfiguration;
			buildSettings = {
				CODE_SIGN_STYLE = Automatic;
				CURRENT_PROJECT_VERSION = 1;
				DEVELOPMENT_TEAM = PQ6M67LP4Y;
				GENERATE_INFOPLIST_FILE = YES;
				MARKETING_VERSION = 1.0;
				PRODUCT_BUNDLE_IDENTIFIER = "Pedro-Ferreira.PokeAppUIKitUITests";
				PRODUCT_NAME = "$(TARGET_NAME)";
				SWIFT_EMIT_LOC_STRINGS = NO;
				SWIFT_VERSION = 5.0;
				TARGETED_DEVICE_FAMILY = "1,2";
				TEST_TARGET_NAME = PokeAppUIKit;
			};
			name = Release;
		};
/* End XCBuildConfiguration section */

/* Begin XCConfigurationList section */
		8034DC932DE6A6BA00DA32A8 /* Build configuration list for PBXProject "PokeAppUIKit" */ = {
			isa = XCConfigurationList;
			buildConfigurations = (
				8034DCC42DE6A6BD00DA32A8 /* Debug */,
				8034DCC52DE6A6BD00DA32A8 /* Release */,
			);
			defaultConfigurationIsVisible = 0;
			defaultConfigurationName = Release;
		};
		8034DCC12DE6A6BD00DA32A8 /* Build configuration list for PBXNativeTarget "PokeAppUIKit" */ = {
			isa = XCConfigurationList;
			buildConfigurations = (
				8034DCC22DE6A6BD00DA32A8 /* Debug */,
				8034DCC32DE6A6BD00DA32A8 /* Release */,
			);
			defaultConfigurationIsVisible = 0;
			defaultConfigurationName = Release;
		};
		8034DCC62DE6A6BD00DA32A8 /* Build configuration list for PBXNativeTarget "PokeAppUIKitTests" */ = {
			isa = XCConfigurationList;
			buildConfigurations = (
				8034DCC72DE6A6BD00DA32A8 /* Debug */,
				8034DCC82DE6A6BD00DA32A8 /* Release */,
			);
			defaultConfigurationIsVisible = 0;
			defaultConfigurationName = Release;
		};
		8034DCC92DE6A6BD00DA32A8 /* Build configuration list for PBXNativeTarget "PokeAppUIKitUITests" */ = {
			isa = XCConfigurationList;
			buildConfigurations = (
				8034DCCA2DE6A6BD00DA32A8 /* Debug */,
				8034DCCB2DE6A6BD00DA32A8 /* Release */,
			);
			defaultConfigurationIsVisible = 0;
			defaultConfigurationName = Release;
		};
/* End XCConfigurationList section */
	};
	rootObject = 8034DC902DE6A6BA00DA32A8 /* Project object */;
}
